# THIS IS AN AUTOGENERATED FILE. DO NOT EDIT THIS FILE DIRECTLY.
# yarn lockfile v1


file-type@^7.4.0:
  version "7.4.0"
  resolved "https://registry.yarnpkg.com/file-type/-/file-type-7.4.0.tgz#2a7c94f62a0030150bb7d9b6c70cfa1d3e759c86"

minimist@^1.2.0:
  version "1.2.0"
  resolved "https://registry.yarnpkg.com/minimist/-/minimist-1.2.0.tgz#a35008b20f41383eec1fb914f4cd5df79a264284"
